
Microsoft Visual Studio Solution File, Format Version 12.00
# Visual Studio Version 17
VisualStudioVersion = 17.0.32002.185
MinimumVisualStudioVersion = 10.0.40219.1
Project("{FAE04EC0-301F-11D3-BF4B-00C04F79EFBC}") = "TimeTellerGoat", "TimeTellerGoat\TimeTellerGoat.csproj", "{D7EBCFEA-9498-416E-BB9E-980242BA3FC5}"
EndProject
Global
	GlobalSection(SolutionConfigurationPlatforms) = preSolution
		Debug|Any CPU = Debug|Any CPU
		Release|Any CPU = Release|Any CPU
	EndGlobalSection
	GlobalSection(ProjectConfigurationPlatforms) = postSolution
		{D7EBCFEA-9498-416E-BB9E-980242BA3FC5}.Debug|Any CPU.ActiveCfg = Debug|Any CPU
		{D7EBCFEA-9498-416E-BB9E-980242BA3FC5}.Debug|Any CPU.Build.0 = Debug|Any CPU
		{D7EBCFEA-9498-416E-BB9E-980242BA3FC5}.Release|Any CPU.ActiveCfg = Release|Any CPU
		{D7EBCFEA-9498-416E-BB9E-980242BA3FC5}.Release|Any CPU.Build.0 = Release|Any CPU
	EndGlobalSection
	GlobalSection(SolutionProperties) = preSolution
		HideSolutionNode = FALSE
	EndGlobalSection
	GlobalSection(ExtensibilityGlobals) = postSolution
		SolutionGuid = {377BA271-5E74-412B-8A1B-B8C7D3232969}
	EndGlobalSection
EndGlobal
